
Microsoft Visual Studio Solution File, Format Version 12.00
# Visual Studio 15
VisualStudioVersion = 15.0.27428.2011
MinimumVisualStudioVersion = 10.0.40219.1
Project("{FAE04EC0-301F-11D3-BF4B-00C04F79EFBC}") = "EndToEndImageReviewApp", "EndToEndImageReviewApp\EndToEndImageReviewApp.csproj", "{6EA2C0C8-7EFE-4412-BD6A-CC8F98AAD999}"
	ProjectSection(ProjectDependencies) = postProject
		{FBE8671D-0E32-4C87-967E-61574B468DF3} = {FBE8671D-0E32-4C87-967E-61574B468DF3}
		{651A4F37-B01C-43B9-977F-965996309E77} = {651A4F37-B01C-43B9-977F-965996309E77}
	EndProjectSection
EndProject
Project("{FAE04EC0-301F-11D3-BF4B-00C04F79EFBC}") = "ImageReviewManager", "EndToEndImageReviewManager\ImageReviewManager.csproj", "{FBE8671D-0E32-4C87-967E-61574B468DF3}"
	ProjectSection(ProjectDependencies) = postProject
		{DE9508F4-C937-46E3-8169-D2A6FCCB14A9} = {DE9508F4-C937-46E3-8169-D2A6FCCB14A9}
	EndProjectSection
EndProject
Project("{FAE04EC0-301F-11D3-BF4B-00C04F79EFBC}") = "ImageWorkListAggregatorManager", "ImageWorkListAggregatorManager\ImageWorkListAggregatorManager.csproj", "{651A4F37-B01C-43B9-977F-965996309E77}"
	ProjectSection(ProjectDependencies) = postProject
		{DE9508F4-C937-46E3-8169-D2A6FCCB14A9} = {DE9508F4-C937-46E3-8169-D2A6FCCB14A9}
	EndProjectSection
EndProject
Project("{FAE04EC0-301F-11D3-BF4B-00C04F79EFBC}") = "EmzImagingInteractionManager", "EmzWorklistInteractionManager\EmzImagingInteractionManager.csproj", "{DE9508F4-C937-46E3-8169-D2A6FCCB14A9}"
	ProjectSection(ProjectDependencies) = postProject
		{43765D18-9A75-4F4C-89B9-260E3B704D5A} = {43765D18-9A75-4F4C-89B9-260E3B704D5A}
	EndProjectSection
EndProject
Project("{2150E333-8FDC-42A3-9474-1A3956D46DE8}") = "Manager", "Manager", "{D1F2C1FF-F038-4654-BEC5-F9DC38E0E6BE}"
EndProject
Project("{2150E333-8FDC-42A3-9474-1A3956D46DE8}") = "Application", "Application", "{8574B8BD-3729-481A-B592-E0D6BB9CFBA3}"
EndProject
Project("{FAE04EC0-301F-11D3-BF4B-00C04F79EFBC}") = "MsqWorklistService", "MsqWorklistService\MsqWorklistService.csproj", "{43765D18-9A75-4F4C-89B9-260E3B704D5A}"
EndProject
Project("{2150E333-8FDC-42A3-9474-1A3956D46DE8}") = "MsqServices", "MsqServices", "{7AAFD470-D248-4EB3-B068-FC862BBE7779}"
EndProject
Project("{FAE04EC0-301F-11D3-BF4B-00C04F79EFBC}") = "EmzImagingInteractionManager.Contracts", "EmzImagingInteractionManager.Contracts\EmzImagingInteractionManager.Contracts.csproj", "{2A651ADF-C51A-484F-AD14-DAA20CC19BBF}"
EndProject
Project("{FAE04EC0-301F-11D3-BF4B-00C04F79EFBC}") = "ImageReviewManager.Contracts", "ImageReviewManager.Contracts\ImageReviewManager.Contracts.csproj", "{170F4763-EBA7-40DB-B265-02F4B02DB8EE}"
EndProject
Project("{2150E333-8FDC-42A3-9474-1A3956D46DE8}") = "Infrastructure", "Infrastructure", "{F5A560F2-75BC-46C8-A854-3E23DB470B2C}"
EndProject
Project("{FAE04EC0-301F-11D3-BF4B-00C04F79EFBC}") = "ImagingTypes", "ImagingTypes\ImagingTypes.csproj", "{9ED31117-57D0-4202-93E8-E4501A84C3DE}"
EndProject
Project("{FAE04EC0-301F-11D3-BF4B-00C04F79EFBC}") = "ImageWorklistAggregatorManager.Contracts", "ImageWorklistAggregatorManager.Contracts\ImageWorklistAggregatorManager.Contracts.csproj", "{EF7C973D-62FA-4140-B357-46B840308DF9}"
EndProject
Project("{FAE04EC0-301F-11D3-BF4B-00C04F79EFBC}") = "ProxyManager", "ProxyManager\ProxyManager.csproj", "{701BD2F3-3DE6-42AE-BBE9-5BC5140CABB1}"
EndProject
Global
	GlobalSection(SolutionConfigurationPlatforms) = preSolution
		Debug|Any CPU = Debug|Any CPU
		Release|Any CPU = Release|Any CPU
	EndGlobalSection
	GlobalSection(ProjectConfigurationPlatforms) = postSolution
		{6EA2C0C8-7EFE-4412-BD6A-CC8F98AAD999}.Debug|Any CPU.ActiveCfg = Debug|Any CPU
		{6EA2C0C8-7EFE-4412-BD6A-CC8F98AAD999}.Debug|Any CPU.Build.0 = Debug|Any CPU
		{6EA2C0C8-7EFE-4412-BD6A-CC8F98AAD999}.Release|Any CPU.ActiveCfg = Release|Any CPU
		{6EA2C0C8-7EFE-4412-BD6A-CC8F98AAD999}.Release|Any CPU.Build.0 = Release|Any CPU
		{FBE8671D-0E32-4C87-967E-61574B468DF3}.Debug|Any CPU.ActiveCfg = Debug|Any CPU
		{FBE8671D-0E32-4C87-967E-61574B468DF3}.Debug|Any CPU.Build.0 = Debug|Any CPU
		{FBE8671D-0E32-4C87-967E-61574B468DF3}.Release|Any CPU.ActiveCfg = Release|Any CPU
		{FBE8671D-0E32-4C87-967E-61574B468DF3}.Release|Any CPU.Build.0 = Release|Any CPU
		{651A4F37-B01C-43B9-977F-965996309E77}.Debug|Any CPU.ActiveCfg = Debug|Any CPU
		{651A4F37-B01C-43B9-977F-965996309E77}.Debug|Any CPU.Build.0 = Debug|Any CPU
		{651A4F37-B01C-43B9-977F-965996309E77}.Release|Any CPU.ActiveCfg = Release|Any CPU
		{651A4F37-B01C-43B9-977F-965996309E77}.Release|Any CPU.Build.0 = Release|Any CPU
		{DE9508F4-C937-46E3-8169-D2A6FCCB14A9}.Debug|Any CPU.ActiveCfg = Debug|Any CPU
		{DE9508F4-C937-46E3-8169-D2A6FCCB14A9}.Debug|Any CPU.Build.0 = Debug|Any CPU
		{DE9508F4-C937-46E3-8169-D2A6FCCB14A9}.Release|Any CPU.ActiveCfg = Release|Any CPU
		{DE9508F4-C937-46E3-8169-D2A6FCCB14A9}.Release|Any CPU.Build.0 = Release|Any CPU
		{43765D18-9A75-4F4C-89B9-260E3B704D5A}.Debug|Any CPU.ActiveCfg = Debug|Any CPU
		{43765D18-9A75-4F4C-89B9-260E3B704D5A}.Debug|Any CPU.Build.0 = Debug|Any CPU
		{43765D18-9A75-4F4C-89B9-260E3B704D5A}.Release|Any CPU.ActiveCfg = Release|Any CPU
		{43765D18-9A75-4F4C-89B9-260E3B704D5A}.Release|Any CPU.Build.0 = Release|Any CPU
		{2A651ADF-C51A-484F-AD14-DAA20CC19BBF}.Debug|Any CPU.ActiveCfg = Debug|Any CPU
		{2A651ADF-C51A-484F-AD14-DAA20CC19BBF}.Debug|Any CPU.Build.0 = Debug|Any CPU
		{2A651ADF-C51A-484F-AD14-DAA20CC19BBF}.Release|Any CPU.ActiveCfg = Release|Any CPU
		{2A651ADF-C51A-484F-AD14-DAA20CC19BBF}.Release|Any CPU.Build.0 = Release|Any CPU
		{170F4763-EBA7-40DB-B265-02F4B02DB8EE}.Debug|Any CPU.ActiveCfg = Debug|Any CPU
		{170F4763-EBA7-40DB-B265-02F4B02DB8EE}.Debug|Any CPU.Build.0 = Debug|Any CPU
		{170F4763-EBA7-40DB-B265-02F4B02DB8EE}.Release|Any CPU.ActiveCfg = Release|Any CPU
		{170F4763-EBA7-40DB-B265-02F4B02DB8EE}.Release|Any CPU.Build.0 = Release|Any CPU
		{9ED31117-57D0-4202-93E8-E4501A84C3DE}.Debug|Any CPU.ActiveCfg = Debug|Any CPU
		{9ED31117-57D0-4202-93E8-E4501A84C3DE}.Debug|Any CPU.Build.0 = Debug|Any CPU
		{9ED31117-57D0-4202-93E8-E4501A84C3DE}.Release|Any CPU.ActiveCfg = Release|Any CPU
		{9ED31117-57D0-4202-93E8-E4501A84C3DE}.Release|Any CPU.Build.0 = Release|Any CPU
		{EF7C973D-62FA-4140-B357-46B840308DF9}.Debug|Any CPU.ActiveCfg = Debug|Any CPU
		{EF7C973D-62FA-4140-B357-46B840308DF9}.Debug|Any CPU.Build.0 = Debug|Any CPU
		{EF7C973D-62FA-4140-B357-46B840308DF9}.Release|Any CPU.ActiveCfg = Release|Any CPU
		{EF7C973D-62FA-4140-B357-46B840308DF9}.Release|Any CPU.Build.0 = Release|Any CPU
		{701BD2F3-3DE6-42AE-BBE9-5BC5140CABB1}.Debug|Any CPU.ActiveCfg = Debug|Any CPU
		{701BD2F3-3DE6-42AE-BBE9-5BC5140CABB1}.Debug|Any CPU.Build.0 = Debug|Any CPU
		{701BD2F3-3DE6-42AE-BBE9-5BC5140CABB1}.Release|Any CPU.ActiveCfg = Release|Any CPU
		{701BD2F3-3DE6-42AE-BBE9-5BC5140CABB1}.Release|Any CPU.Build.0 = Release|Any CPU
	EndGlobalSection
	GlobalSection(SolutionProperties) = preSolution
		HideSolutionNode = FALSE
	EndGlobalSection
	GlobalSection(NestedProjects) = preSolution
		{6EA2C0C8-7EFE-4412-BD6A-CC8F98AAD999} = {8574B8BD-3729-481A-B592-E0D6BB9CFBA3}
		{FBE8671D-0E32-4C87-967E-61574B468DF3} = {D1F2C1FF-F038-4654-BEC5-F9DC38E0E6BE}
		{651A4F37-B01C-43B9-977F-965996309E77} = {D1F2C1FF-F038-4654-BEC5-F9DC38E0E6BE}
		{DE9508F4-C937-46E3-8169-D2A6FCCB14A9} = {D1F2C1FF-F038-4654-BEC5-F9DC38E0E6BE}
		{43765D18-9A75-4F4C-89B9-260E3B704D5A} = {7AAFD470-D248-4EB3-B068-FC862BBE7779}
		{2A651ADF-C51A-484F-AD14-DAA20CC19BBF} = {D1F2C1FF-F038-4654-BEC5-F9DC38E0E6BE}
		{170F4763-EBA7-40DB-B265-02F4B02DB8EE} = {D1F2C1FF-F038-4654-BEC5-F9DC38E0E6BE}
		{9ED31117-57D0-4202-93E8-E4501A84C3DE} = {F5A560F2-75BC-46C8-A854-3E23DB470B2C}
		{EF7C973D-62FA-4140-B357-46B840308DF9} = {D1F2C1FF-F038-4654-BEC5-F9DC38E0E6BE}
		{701BD2F3-3DE6-42AE-BBE9-5BC5140CABB1} = {F5A560F2-75BC-46C8-A854-3E23DB470B2C}
	EndGlobalSection
	GlobalSection(ExtensibilityGlobals) = postSolution
		SolutionGuid = {DA29C12F-BF7F-4E61-8A5A-59CE0A047E7A}
	EndGlobalSection
EndGlobal
