
Microsoft Visual Studio Solution File, Format Version 12.00
# Visual Studio Version 16
VisualStudioVersion = 16.0.30907.101
MinimumVisualStudioVersion = 10.0.40219.1
Project("{FAE04EC0-301F-11D3-BF4B-00C04F79EFBC}") = "EndToEndImageReviewApp", "EndToEndImageReviewApp\EndToEndImageReviewApp.csproj", "{6EA2C0C8-7EFE-4412-BD6A-CC8F98AAD999}"
	ProjectSection(ProjectDependencies) = postProject
		{FBE8671D-0E32-4C87-967E-61574B468DF3} = {FBE8671D-0E32-4C87-967E-61574B468DF3}
		{651A4F37-B01C-43B9-977F-965996309E77} = {651A4F37-B01C-43B9-977F-965996309E77}
	EndProjectSection
EndProject
Project("{FAE04EC0-301F-11D3-BF4B-00C04F79EFBC}") = "ImageReviewManager", "EndToEndImageReviewManager\ImageReviewManager.csproj", "{FBE8671D-0E32-4C87-967E-61574B468DF3}"
	ProjectSection(ProjectDependencies) = postProject
		{DE9508F4-C937-46E3-8169-D2A6FCCB14A9} = {DE9508F4-C937-46E3-8169-D2A6FCCB14A9}
	EndProjectSection
EndProject
Project("{FAE04EC0-301F-11D3-BF4B-00C04F79EFBC}") = "ImageWorkListAggregatorManager", "ImageWorkListAggregatorManager\ImageWorkListAggregatorManager.csproj", "{651A4F37-B01C-43B9-977F-965996309E77}"
	ProjectSection(ProjectDependencies) = postProject
		{DE9508F4-C937-46E3-8169-D2A6FCCB14A9} = {DE9508F4-C937-46E3-8169-D2A6FCCB14A9}
	EndProjectSection
EndProject
Project("{FAE04EC0-301F-11D3-BF4B-00C04F79EFBC}") = "EmzImagingInteractionManager", "EmzWorklistInteractionManager\EmzImagingInteractionManager.csproj", "{DE9508F4-C937-46E3-8169-D2A6FCCB14A9}"
	ProjectSection(ProjectDependencies) = postProject
		{43765D18-9A75-4F4C-89B9-260E3B704D5A} = {43765D18-9A75-4F4C-89B9-260E3B704D5A}
	EndProjectSection
EndProject
Project("{2150E333-8FDC-42A3-9474-1A3956D46DE8}") = "Manager", "Manager", "{D1F2C1FF-F038-4654-BEC5-F9DC38E0E6BE}"
EndProject
Project("{2150E333-8FDC-42A3-9474-1A3956D46DE8}") = "Application", "Application", "{8574B8BD-3729-481A-B592-E0D6BB9CFBA3}"
EndProject
Project("{FAE04EC0-301F-11D3-BF4B-00C04F79EFBC}") = "MsqWorklistService", "MsqWorklistService\MsqWorklistService.csproj", "{43765D18-9A75-4F4C-89B9-260E3B704D5A}"
EndProject
Project("{2150E333-8FDC-42A3-9474-1A3956D46DE8}") = "MsqServices", "MsqServices", "{7AAFD470-D248-4EB3-B068-FC862BBE7779}"
EndProject
Project("{FAE04EC0-301F-11D3-BF4B-00C04F79EFBC}") = "EmzImagingInteractionManager.Contracts", "EmzImagingInteractionManager.Contracts\EmzImagingInteractionManager.Contracts.csproj", "{2A651ADF-C51A-484F-AD14-DAA20CC19BBF}"
EndProject
Project("{FAE04EC0-301F-11D3-BF4B-00C04F79EFBC}") = "ImageReviewManager.Contracts", "ImageReviewManager.Contracts\ImageReviewManager.Contracts.csproj", "{170F4763-EBA7-40DB-B265-02F4B02DB8EE}"
EndProject
Project("{2150E333-8FDC-42A3-9474-1A3956D46DE8}") = "Infrastructure", "Infrastructure", "{F5A560F2-75BC-46C8-A854-3E23DB470B2C}"
EndProject
Project("{FAE04EC0-301F-11D3-BF4B-00C04F79EFBC}") = "ImagingTypes", "ImagingTypes\ImagingTypes.csproj", "{9ED31117-57D0-4202-93E8-E4501A84C3DE}"
EndProject
Project("{FAE04EC0-301F-11D3-BF4B-00C04F79EFBC}") = "ImageWorklistAggregatorManager.Contracts", "ImageWorklistAggregatorManager.Contracts\ImageWorklistAggregatorManager.Contracts.csproj", "{EF7C973D-62FA-4140-B357-46B840308DF9}"
EndProject
Project("{FAE04EC0-301F-11D3-BF4B-00C04F79EFBC}") = "ProxyManager", "ProxyManager\ProxyManager.csproj", "{701BD2F3-3DE6-42AE-BBE9-5BC5140CABB1}"
EndProject
Project("{FAE04EC0-301F-11D3-BF4B-00C04F79EFBC}") = "ProxyManagerTests", "ProxyManagerTests\ProxyManagerTests.csproj", "{1B264F93-CA13-47AA-ADC9-D519A57A2327}"
EndProject
Project("{FAE04EC0-301F-11D3-BF4B-00C04F79EFBC}") = "ImageWorkListAggregatorManagerTests", "ImageWorkListAggregatorManagerTests\ImageWorkListAggregatorManagerTests.csproj", "{5A83C0B2-B70B-4CBA-AB66-CEB6F0A5A633}"
EndProject
Project("{9A19103F-16F7-4668-BE54-9A1E7A4F7556}") = "EndToEndImageReviewAppCore", "EndToEndImageReviewAppCore\EndToEndImageReviewAppCore.csproj", "{F1D58F54-94B4-466E-8445-E67DA501E902}"
EndProject
Project("{9A19103F-16F7-4668-BE54-9A1E7A4F7556}") = "ImageWorklistModule.Test", "ImageWorklistModule.Test\ImageWorklistModule.Test.csproj", "{1D1D8E44-1608-4C78-8A18-182F2A6B183F}"
EndProject
Project("{C7167F0D-BC9F-4E6E-AFE1-012C56B48DB5}") = "E2EImageReview.Package", "E2EImageReview.Package\E2EImageReview.Package.wapproj", "{59117A1C-F5D3-41A1-B65A-7B9F39FFE4DC}"
EndProject
Project("{FAE04EC0-301F-11D3-BF4B-00C04F79EFBC}") = "ImageWorklistModule", "ImageWorklistModule\ImageWorklistModule.csproj", "{FB3A4296-DABD-41B8-B0A9-023372736800}"
EndProject
Global
	GlobalSection(SolutionConfigurationPlatforms) = preSolution
		Debug|Any CPU = Debug|Any CPU
		Debug|ARM = Debug|ARM
		Debug|ARM64 = Debug|ARM64
		Debug|x64 = Debug|x64
		Debug|x86 = Debug|x86
		Release|Any CPU = Release|Any CPU
		Release|ARM = Release|ARM
		Release|ARM64 = Release|ARM64
		Release|x64 = Release|x64
		Release|x86 = Release|x86
	EndGlobalSection
	GlobalSection(ProjectConfigurationPlatforms) = postSolution
		{6EA2C0C8-7EFE-4412-BD6A-CC8F98AAD999}.Debug|Any CPU.ActiveCfg = Debug|Any CPU
		{6EA2C0C8-7EFE-4412-BD6A-CC8F98AAD999}.Debug|Any CPU.Build.0 = Debug|Any CPU
		{6EA2C0C8-7EFE-4412-BD6A-CC8F98AAD999}.Debug|ARM.ActiveCfg = Debug|Any CPU
		{6EA2C0C8-7EFE-4412-BD6A-CC8F98AAD999}.Debug|ARM.Build.0 = Debug|Any CPU
		{6EA2C0C8-7EFE-4412-BD6A-CC8F98AAD999}.Debug|ARM64.ActiveCfg = Debug|Any CPU
		{6EA2C0C8-7EFE-4412-BD6A-CC8F98AAD999}.Debug|ARM64.Build.0 = Debug|Any CPU
		{6EA2C0C8-7EFE-4412-BD6A-CC8F98AAD999}.Debug|x64.ActiveCfg = Debug|Any CPU
		{6EA2C0C8-7EFE-4412-BD6A-CC8F98AAD999}.Debug|x64.Build.0 = Debug|Any CPU
		{6EA2C0C8-7EFE-4412-BD6A-CC8F98AAD999}.Debug|x86.ActiveCfg = Debug|Any CPU
		{6EA2C0C8-7EFE-4412-BD6A-CC8F98AAD999}.Debug|x86.Build.0 = Debug|Any CPU
		{6EA2C0C8-7EFE-4412-BD6A-CC8F98AAD999}.Release|Any CPU.ActiveCfg = Release|Any CPU
		{6EA2C0C8-7EFE-4412-BD6A-CC8F98AAD999}.Release|Any CPU.Build.0 = Release|Any CPU
		{6EA2C0C8-7EFE-4412-BD6A-CC8F98AAD999}.Release|ARM.ActiveCfg = Release|Any CPU
		{6EA2C0C8-7EFE-4412-BD6A-CC8F98AAD999}.Release|ARM.Build.0 = Release|Any CPU
		{6EA2C0C8-7EFE-4412-BD6A-CC8F98AAD999}.Release|ARM64.ActiveCfg = Release|Any CPU
		{6EA2C0C8-7EFE-4412-BD6A-CC8F98AAD999}.Release|ARM64.Build.0 = Release|Any CPU
		{6EA2C0C8-7EFE-4412-BD6A-CC8F98AAD999}.Release|x64.ActiveCfg = Release|Any CPU
		{6EA2C0C8-7EFE-4412-BD6A-CC8F98AAD999}.Release|x64.Build.0 = Release|Any CPU
		{6EA2C0C8-7EFE-4412-BD6A-CC8F98AAD999}.Release|x86.ActiveCfg = Release|Any CPU
		{6EA2C0C8-7EFE-4412-BD6A-CC8F98AAD999}.Release|x86.Build.0 = Release|Any CPU
		{FBE8671D-0E32-4C87-967E-61574B468DF3}.Debug|Any CPU.ActiveCfg = Debug|Any CPU
		{FBE8671D-0E32-4C87-967E-61574B468DF3}.Debug|Any CPU.Build.0 = Debug|Any CPU
		{FBE8671D-0E32-4C87-967E-61574B468DF3}.Debug|ARM.ActiveCfg = Debug|Any CPU
		{FBE8671D-0E32-4C87-967E-61574B468DF3}.Debug|ARM.Build.0 = Debug|Any CPU
		{FBE8671D-0E32-4C87-967E-61574B468DF3}.Debug|ARM64.ActiveCfg = Debug|Any CPU
		{FBE8671D-0E32-4C87-967E-61574B468DF3}.Debug|ARM64.Build.0 = Debug|Any CPU
		{FBE8671D-0E32-4C87-967E-61574B468DF3}.Debug|x64.ActiveCfg = Debug|Any CPU
		{FBE8671D-0E32-4C87-967E-61574B468DF3}.Debug|x64.Build.0 = Debug|Any CPU
		{FBE8671D-0E32-4C87-967E-61574B468DF3}.Debug|x86.ActiveCfg = Debug|Any CPU
		{FBE8671D-0E32-4C87-967E-61574B468DF3}.Debug|x86.Build.0 = Debug|Any CPU
		{FBE8671D-0E32-4C87-967E-61574B468DF3}.Release|Any CPU.ActiveCfg = Release|Any CPU
		{FBE8671D-0E32-4C87-967E-61574B468DF3}.Release|Any CPU.Build.0 = Release|Any CPU
		{FBE8671D-0E32-4C87-967E-61574B468DF3}.Release|ARM.ActiveCfg = Release|Any CPU
		{FBE8671D-0E32-4C87-967E-61574B468DF3}.Release|ARM.Build.0 = Release|Any CPU
		{FBE8671D-0E32-4C87-967E-61574B468DF3}.Release|ARM64.ActiveCfg = Release|Any CPU
		{FBE8671D-0E32-4C87-967E-61574B468DF3}.Release|ARM64.Build.0 = Release|Any CPU
		{FBE8671D-0E32-4C87-967E-61574B468DF3}.Release|x64.ActiveCfg = Release|Any CPU
		{FBE8671D-0E32-4C87-967E-61574B468DF3}.Release|x64.Build.0 = Release|Any CPU
		{FBE8671D-0E32-4C87-967E-61574B468DF3}.Release|x86.ActiveCfg = Release|Any CPU
		{FBE8671D-0E32-4C87-967E-61574B468DF3}.Release|x86.Build.0 = Release|Any CPU
		{651A4F37-B01C-43B9-977F-965996309E77}.Debug|Any CPU.ActiveCfg = Debug|Any CPU
		{651A4F37-B01C-43B9-977F-965996309E77}.Debug|Any CPU.Build.0 = Debug|Any CPU
		{651A4F37-B01C-43B9-977F-965996309E77}.Debug|ARM.ActiveCfg = Debug|Any CPU
		{651A4F37-B01C-43B9-977F-965996309E77}.Debug|ARM.Build.0 = Debug|Any CPU
		{651A4F37-B01C-43B9-977F-965996309E77}.Debug|ARM64.ActiveCfg = Debug|Any CPU
		{651A4F37-B01C-43B9-977F-965996309E77}.Debug|ARM64.Build.0 = Debug|Any CPU
		{651A4F37-B01C-43B9-977F-965996309E77}.Debug|x64.ActiveCfg = Debug|Any CPU
		{651A4F37-B01C-43B9-977F-965996309E77}.Debug|x64.Build.0 = Debug|Any CPU
		{651A4F37-B01C-43B9-977F-965996309E77}.Debug|x86.ActiveCfg = Debug|Any CPU
		{651A4F37-B01C-43B9-977F-965996309E77}.Debug|x86.Build.0 = Debug|Any CPU
		{651A4F37-B01C-43B9-977F-965996309E77}.Release|Any CPU.ActiveCfg = Release|Any CPU
		{651A4F37-B01C-43B9-977F-965996309E77}.Release|Any CPU.Build.0 = Release|Any CPU
		{651A4F37-B01C-43B9-977F-965996309E77}.Release|ARM.ActiveCfg = Release|Any CPU
		{651A4F37-B01C-43B9-977F-965996309E77}.Release|ARM.Build.0 = Release|Any CPU
		{651A4F37-B01C-43B9-977F-965996309E77}.Release|ARM64.ActiveCfg = Release|Any CPU
		{651A4F37-B01C-43B9-977F-965996309E77}.Release|ARM64.Build.0 = Release|Any CPU
		{651A4F37-B01C-43B9-977F-965996309E77}.Release|x64.ActiveCfg = Release|Any CPU
		{651A4F37-B01C-43B9-977F-965996309E77}.Release|x64.Build.0 = Release|Any CPU
		{651A4F37-B01C-43B9-977F-965996309E77}.Release|x86.ActiveCfg = Release|Any CPU
		{651A4F37-B01C-43B9-977F-965996309E77}.Release|x86.Build.0 = Release|Any CPU
		{DE9508F4-C937-46E3-8169-D2A6FCCB14A9}.Debug|Any CPU.ActiveCfg = Debug|Any CPU
		{DE9508F4-C937-46E3-8169-D2A6FCCB14A9}.Debug|Any CPU.Build.0 = Debug|Any CPU
		{DE9508F4-C937-46E3-8169-D2A6FCCB14A9}.Debug|ARM.ActiveCfg = Debug|Any CPU
		{DE9508F4-C937-46E3-8169-D2A6FCCB14A9}.Debug|ARM.Build.0 = Debug|Any CPU
		{DE9508F4-C937-46E3-8169-D2A6FCCB14A9}.Debug|ARM64.ActiveCfg = Debug|Any CPU
		{DE9508F4-C937-46E3-8169-D2A6FCCB14A9}.Debug|ARM64.Build.0 = Debug|Any CPU
		{DE9508F4-C937-46E3-8169-D2A6FCCB14A9}.Debug|x64.ActiveCfg = Debug|Any CPU
		{DE9508F4-C937-46E3-8169-D2A6FCCB14A9}.Debug|x64.Build.0 = Debug|Any CPU
		{DE9508F4-C937-46E3-8169-D2A6FCCB14A9}.Debug|x86.ActiveCfg = Debug|Any CPU
		{DE9508F4-C937-46E3-8169-D2A6FCCB14A9}.Debug|x86.Build.0 = Debug|Any CPU
		{DE9508F4-C937-46E3-8169-D2A6FCCB14A9}.Release|Any CPU.ActiveCfg = Release|Any CPU
		{DE9508F4-C937-46E3-8169-D2A6FCCB14A9}.Release|Any CPU.Build.0 = Release|Any CPU
		{DE9508F4-C937-46E3-8169-D2A6FCCB14A9}.Release|ARM.ActiveCfg = Release|Any CPU
		{DE9508F4-C937-46E3-8169-D2A6FCCB14A9}.Release|ARM.Build.0 = Release|Any CPU
		{DE9508F4-C937-46E3-8169-D2A6FCCB14A9}.Release|ARM64.ActiveCfg = Release|Any CPU
		{DE9508F4-C937-46E3-8169-D2A6FCCB14A9}.Release|ARM64.Build.0 = Release|Any CPU
		{DE9508F4-C937-46E3-8169-D2A6FCCB14A9}.Release|x64.ActiveCfg = Release|Any CPU
		{DE9508F4-C937-46E3-8169-D2A6FCCB14A9}.Release|x64.Build.0 = Release|Any CPU
		{DE9508F4-C937-46E3-8169-D2A6FCCB14A9}.Release|x86.ActiveCfg = Release|Any CPU
		{DE9508F4-C937-46E3-8169-D2A6FCCB14A9}.Release|x86.Build.0 = Release|Any CPU
		{43765D18-9A75-4F4C-89B9-260E3B704D5A}.Debug|Any CPU.ActiveCfg = Debug|Any CPU
		{43765D18-9A75-4F4C-89B9-260E3B704D5A}.Debug|Any CPU.Build.0 = Debug|Any CPU
		{43765D18-9A75-4F4C-89B9-260E3B704D5A}.Debug|ARM.ActiveCfg = Debug|Any CPU
		{43765D18-9A75-4F4C-89B9-260E3B704D5A}.Debug|ARM.Build.0 = Debug|Any CPU
		{43765D18-9A75-4F4C-89B9-260E3B704D5A}.Debug|ARM64.ActiveCfg = Debug|Any CPU
		{43765D18-9A75-4F4C-89B9-260E3B704D5A}.Debug|ARM64.Build.0 = Debug|Any CPU
		{43765D18-9A75-4F4C-89B9-260E3B704D5A}.Debug|x64.ActiveCfg = Debug|Any CPU
		{43765D18-9A75-4F4C-89B9-260E3B704D5A}.Debug|x64.Build.0 = Debug|Any CPU
		{43765D18-9A75-4F4C-89B9-260E3B704D5A}.Debug|x86.ActiveCfg = Debug|Any CPU
		{43765D18-9A75-4F4C-89B9-260E3B704D5A}.Debug|x86.Build.0 = Debug|Any CPU
		{43765D18-9A75-4F4C-89B9-260E3B704D5A}.Release|Any CPU.ActiveCfg = Release|Any CPU
		{43765D18-9A75-4F4C-89B9-260E3B704D5A}.Release|Any CPU.Build.0 = Release|Any CPU
		{43765D18-9A75-4F4C-89B9-260E3B704D5A}.Release|ARM.ActiveCfg = Release|Any CPU
		{43765D18-9A75-4F4C-89B9-260E3B704D5A}.Release|ARM.Build.0 = Release|Any CPU
		{43765D18-9A75-4F4C-89B9-260E3B704D5A}.Release|ARM64.ActiveCfg = Release|Any CPU
		{43765D18-9A75-4F4C-89B9-260E3B704D5A}.Release|ARM64.Build.0 = Release|Any CPU
		{43765D18-9A75-4F4C-89B9-260E3B704D5A}.Release|x64.ActiveCfg = Release|Any CPU
		{43765D18-9A75-4F4C-89B9-260E3B704D5A}.Release|x64.Build.0 = Release|Any CPU
		{43765D18-9A75-4F4C-89B9-260E3B704D5A}.Release|x86.ActiveCfg = Release|Any CPU
		{43765D18-9A75-4F4C-89B9-260E3B704D5A}.Release|x86.Build.0 = Release|Any CPU
		{2A651ADF-C51A-484F-AD14-DAA20CC19BBF}.Debug|Any CPU.ActiveCfg = Debug|Any CPU
		{2A651ADF-C51A-484F-AD14-DAA20CC19BBF}.Debug|Any CPU.Build.0 = Debug|Any CPU
		{2A651ADF-C51A-484F-AD14-DAA20CC19BBF}.Debug|ARM.ActiveCfg = Debug|Any CPU
		{2A651ADF-C51A-484F-AD14-DAA20CC19BBF}.Debug|ARM.Build.0 = Debug|Any CPU
		{2A651ADF-C51A-484F-AD14-DAA20CC19BBF}.Debug|ARM64.ActiveCfg = Debug|Any CPU
		{2A651ADF-C51A-484F-AD14-DAA20CC19BBF}.Debug|ARM64.Build.0 = Debug|Any CPU
		{2A651ADF-C51A-484F-AD14-DAA20CC19BBF}.Debug|x64.ActiveCfg = Debug|Any CPU
		{2A651ADF-C51A-484F-AD14-DAA20CC19BBF}.Debug|x64.Build.0 = Debug|Any CPU
		{2A651ADF-C51A-484F-AD14-DAA20CC19BBF}.Debug|x86.ActiveCfg = Debug|Any CPU
		{2A651ADF-C51A-484F-AD14-DAA20CC19BBF}.Debug|x86.Build.0 = Debug|Any CPU
		{2A651ADF-C51A-484F-AD14-DAA20CC19BBF}.Release|Any CPU.ActiveCfg = Release|Any CPU
		{2A651ADF-C51A-484F-AD14-DAA20CC19BBF}.Release|Any CPU.Build.0 = Release|Any CPU
		{2A651ADF-C51A-484F-AD14-DAA20CC19BBF}.Release|ARM.ActiveCfg = Release|Any CPU
		{2A651ADF-C51A-484F-AD14-DAA20CC19BBF}.Release|ARM.Build.0 = Release|Any CPU
		{2A651ADF-C51A-484F-AD14-DAA20CC19BBF}.Release|ARM64.ActiveCfg = Release|Any CPU
		{2A651ADF-C51A-484F-AD14-DAA20CC19BBF}.Release|ARM64.Build.0 = Release|Any CPU
		{2A651ADF-C51A-484F-AD14-DAA20CC19BBF}.Release|x64.ActiveCfg = Release|Any CPU
		{2A651ADF-C51A-484F-AD14-DAA20CC19BBF}.Release|x64.Build.0 = Release|Any CPU
		{2A651ADF-C51A-484F-AD14-DAA20CC19BBF}.Release|x86.ActiveCfg = Release|Any CPU
		{2A651ADF-C51A-484F-AD14-DAA20CC19BBF}.Release|x86.Build.0 = Release|Any CPU
		{170F4763-EBA7-40DB-B265-02F4B02DB8EE}.Debug|Any CPU.ActiveCfg = Debug|Any CPU
		{170F4763-EBA7-40DB-B265-02F4B02DB8EE}.Debug|Any CPU.Build.0 = Debug|Any CPU
		{170F4763-EBA7-40DB-B265-02F4B02DB8EE}.Debug|ARM.ActiveCfg = Debug|Any CPU
		{170F4763-EBA7-40DB-B265-02F4B02DB8EE}.Debug|ARM.Build.0 = Debug|Any CPU
		{170F4763-EBA7-40DB-B265-02F4B02DB8EE}.Debug|ARM64.ActiveCfg = Debug|Any CPU
		{170F4763-EBA7-40DB-B265-02F4B02DB8EE}.Debug|ARM64.Build.0 = Debug|Any CPU
		{170F4763-EBA7-40DB-B265-02F4B02DB8EE}.Debug|x64.ActiveCfg = Debug|Any CPU
		{170F4763-EBA7-40DB-B265-02F4B02DB8EE}.Debug|x64.Build.0 = Debug|Any CPU
		{170F4763-EBA7-40DB-B265-02F4B02DB8EE}.Debug|x86.ActiveCfg = Debug|Any CPU
		{170F4763-EBA7-40DB-B265-02F4B02DB8EE}.Debug|x86.Build.0 = Debug|Any CPU
		{170F4763-EBA7-40DB-B265-02F4B02DB8EE}.Release|Any CPU.ActiveCfg = Release|Any CPU
		{170F4763-EBA7-40DB-B265-02F4B02DB8EE}.Release|Any CPU.Build.0 = Release|Any CPU
		{170F4763-EBA7-40DB-B265-02F4B02DB8EE}.Release|ARM.ActiveCfg = Release|Any CPU
		{170F4763-EBA7-40DB-B265-02F4B02DB8EE}.Release|ARM.Build.0 = Release|Any CPU
		{170F4763-EBA7-40DB-B265-02F4B02DB8EE}.Release|ARM64.ActiveCfg = Release|Any CPU
		{170F4763-EBA7-40DB-B265-02F4B02DB8EE}.Release|ARM64.Build.0 = Release|Any CPU
		{170F4763-EBA7-40DB-B265-02F4B02DB8EE}.Release|x64.ActiveCfg = Release|Any CPU
		{170F4763-EBA7-40DB-B265-02F4B02DB8EE}.Release|x64.Build.0 = Release|Any CPU
		{170F4763-EBA7-40DB-B265-02F4B02DB8EE}.Release|x86.ActiveCfg = Release|Any CPU
		{170F4763-EBA7-40DB-B265-02F4B02DB8EE}.Release|x86.Build.0 = Release|Any CPU
		{9ED31117-57D0-4202-93E8-E4501A84C3DE}.Debug|Any CPU.ActiveCfg = Debug|Any CPU
		{9ED31117-57D0-4202-93E8-E4501A84C3DE}.Debug|Any CPU.Build.0 = Debug|Any CPU
		{9ED31117-57D0-4202-93E8-E4501A84C3DE}.Debug|ARM.ActiveCfg = Debug|Any CPU
		{9ED31117-57D0-4202-93E8-E4501A84C3DE}.Debug|ARM.Build.0 = Debug|Any CPU
		{9ED31117-57D0-4202-93E8-E4501A84C3DE}.Debug|ARM64.ActiveCfg = Debug|Any CPU
		{9ED31117-57D0-4202-93E8-E4501A84C3DE}.Debug|ARM64.Build.0 = Debug|Any CPU
		{9ED31117-57D0-4202-93E8-E4501A84C3DE}.Debug|x64.ActiveCfg = Debug|Any CPU
		{9ED31117-57D0-4202-93E8-E4501A84C3DE}.Debug|x64.Build.0 = Debug|Any CPU
		{9ED31117-57D0-4202-93E8-E4501A84C3DE}.Debug|x86.ActiveCfg = Debug|Any CPU
		{9ED31117-57D0-4202-93E8-E4501A84C3DE}.Debug|x86.Build.0 = Debug|Any CPU
		{9ED31117-57D0-4202-93E8-E4501A84C3DE}.Release|Any CPU.ActiveCfg = Release|Any CPU
		{9ED31117-57D0-4202-93E8-E4501A84C3DE}.Release|Any CPU.Build.0 = Release|Any CPU
		{9ED31117-57D0-4202-93E8-E4501A84C3DE}.Release|ARM.ActiveCfg = Release|Any CPU
		{9ED31117-57D0-4202-93E8-E4501A84C3DE}.Release|ARM.Build.0 = Release|Any CPU
		{9ED31117-57D0-4202-93E8-E4501A84C3DE}.Release|ARM64.ActiveCfg = Release|Any CPU
		{9ED31117-57D0-4202-93E8-E4501A84C3DE}.Release|ARM64.Build.0 = Release|Any CPU
		{9ED31117-57D0-4202-93E8-E4501A84C3DE}.Release|x64.ActiveCfg = Release|Any CPU
		{9ED31117-57D0-4202-93E8-E4501A84C3DE}.Release|x64.Build.0 = Release|Any CPU
		{9ED31117-57D0-4202-93E8-E4501A84C3DE}.Release|x86.ActiveCfg = Release|Any CPU
		{9ED31117-57D0-4202-93E8-E4501A84C3DE}.Release|x86.Build.0 = Release|Any CPU
		{EF7C973D-62FA-4140-B357-46B840308DF9}.Debug|Any CPU.ActiveCfg = Debug|Any CPU
		{EF7C973D-62FA-4140-B357-46B840308DF9}.Debug|Any CPU.Build.0 = Debug|Any CPU
		{EF7C973D-62FA-4140-B357-46B840308DF9}.Debug|ARM.ActiveCfg = Debug|Any CPU
		{EF7C973D-62FA-4140-B357-46B840308DF9}.Debug|ARM.Build.0 = Debug|Any CPU
		{EF7C973D-62FA-4140-B357-46B840308DF9}.Debug|ARM64.ActiveCfg = Debug|Any CPU
		{EF7C973D-62FA-4140-B357-46B840308DF9}.Debug|ARM64.Build.0 = Debug|Any CPU
		{EF7C973D-62FA-4140-B357-46B840308DF9}.Debug|x64.ActiveCfg = Debug|Any CPU
		{EF7C973D-62FA-4140-B357-46B840308DF9}.Debug|x64.Build.0 = Debug|Any CPU
		{EF7C973D-62FA-4140-B357-46B840308DF9}.Debug|x86.ActiveCfg = Debug|Any CPU
		{EF7C973D-62FA-4140-B357-46B840308DF9}.Debug|x86.Build.0 = Debug|Any CPU
		{EF7C973D-62FA-4140-B357-46B840308DF9}.Release|Any CPU.ActiveCfg = Release|Any CPU
		{EF7C973D-62FA-4140-B357-46B840308DF9}.Release|Any CPU.Build.0 = Release|Any CPU
		{EF7C973D-62FA-4140-B357-46B840308DF9}.Release|ARM.ActiveCfg = Release|Any CPU
		{EF7C973D-62FA-4140-B357-46B840308DF9}.Release|ARM.Build.0 = Release|Any CPU
		{EF7C973D-62FA-4140-B357-46B840308DF9}.Release|ARM64.ActiveCfg = Release|Any CPU
		{EF7C973D-62FA-4140-B357-46B840308DF9}.Release|ARM64.Build.0 = Release|Any CPU
		{EF7C973D-62FA-4140-B357-46B840308DF9}.Release|x64.ActiveCfg = Release|Any CPU
		{EF7C973D-62FA-4140-B357-46B840308DF9}.Release|x64.Build.0 = Release|Any CPU
		{EF7C973D-62FA-4140-B357-46B840308DF9}.Release|x86.ActiveCfg = Release|Any CPU
		{EF7C973D-62FA-4140-B357-46B840308DF9}.Release|x86.Build.0 = Release|Any CPU
		{701BD2F3-3DE6-42AE-BBE9-5BC5140CABB1}.Debug|Any CPU.ActiveCfg = Debug|Any CPU
		{701BD2F3-3DE6-42AE-BBE9-5BC5140CABB1}.Debug|Any CPU.Build.0 = Debug|Any CPU
		{701BD2F3-3DE6-42AE-BBE9-5BC5140CABB1}.Debug|ARM.ActiveCfg = Debug|Any CPU
		{701BD2F3-3DE6-42AE-BBE9-5BC5140CABB1}.Debug|ARM.Build.0 = Debug|Any CPU
		{701BD2F3-3DE6-42AE-BBE9-5BC5140CABB1}.Debug|ARM64.ActiveCfg = Debug|Any CPU
		{701BD2F3-3DE6-42AE-BBE9-5BC5140CABB1}.Debug|ARM64.Build.0 = Debug|Any CPU
		{701BD2F3-3DE6-42AE-BBE9-5BC5140CABB1}.Debug|x64.ActiveCfg = Debug|Any CPU
		{701BD2F3-3DE6-42AE-BBE9-5BC5140CABB1}.Debug|x64.Build.0 = Debug|Any CPU
		{701BD2F3-3DE6-42AE-BBE9-5BC5140CABB1}.Debug|x86.ActiveCfg = Debug|Any CPU
		{701BD2F3-3DE6-42AE-BBE9-5BC5140CABB1}.Debug|x86.Build.0 = Debug|Any CPU
		{701BD2F3-3DE6-42AE-BBE9-5BC5140CABB1}.Release|Any CPU.ActiveCfg = Release|Any CPU
		{701BD2F3-3DE6-42AE-BBE9-5BC5140CABB1}.Release|Any CPU.Build.0 = Release|Any CPU
		{701BD2F3-3DE6-42AE-BBE9-5BC5140CABB1}.Release|ARM.ActiveCfg = Release|Any CPU
		{701BD2F3-3DE6-42AE-BBE9-5BC5140CABB1}.Release|ARM.Build.0 = Release|Any CPU
		{701BD2F3-3DE6-42AE-BBE9-5BC5140CABB1}.Release|ARM64.ActiveCfg = Release|Any CPU
		{701BD2F3-3DE6-42AE-BBE9-5BC5140CABB1}.Release|ARM64.Build.0 = Release|Any CPU
		{701BD2F3-3DE6-42AE-BBE9-5BC5140CABB1}.Release|x64.ActiveCfg = Release|Any CPU
		{701BD2F3-3DE6-42AE-BBE9-5BC5140CABB1}.Release|x64.Build.0 = Release|Any CPU
		{701BD2F3-3DE6-42AE-BBE9-5BC5140CABB1}.Release|x86.ActiveCfg = Release|Any CPU
		{701BD2F3-3DE6-42AE-BBE9-5BC5140CABB1}.Release|x86.Build.0 = Release|Any CPU
		{1B264F93-CA13-47AA-ADC9-D519A57A2327}.Debug|Any CPU.ActiveCfg = Debug|Any CPU
		{1B264F93-CA13-47AA-ADC9-D519A57A2327}.Debug|Any CPU.Build.0 = Debug|Any CPU
		{1B264F93-CA13-47AA-ADC9-D519A57A2327}.Debug|ARM.ActiveCfg = Debug|Any CPU
		{1B264F93-CA13-47AA-ADC9-D519A57A2327}.Debug|ARM.Build.0 = Debug|Any CPU
		{1B264F93-CA13-47AA-ADC9-D519A57A2327}.Debug|ARM64.ActiveCfg = Debug|Any CPU
		{1B264F93-CA13-47AA-ADC9-D519A57A2327}.Debug|ARM64.Build.0 = Debug|Any CPU
		{1B264F93-CA13-47AA-ADC9-D519A57A2327}.Debug|x64.ActiveCfg = Debug|Any CPU
		{1B264F93-CA13-47AA-ADC9-D519A57A2327}.Debug|x64.Build.0 = Debug|Any CPU
		{1B264F93-CA13-47AA-ADC9-D519A57A2327}.Debug|x86.ActiveCfg = Debug|Any CPU
		{1B264F93-CA13-47AA-ADC9-D519A57A2327}.Debug|x86.Build.0 = Debug|Any CPU
		{1B264F93-CA13-47AA-ADC9-D519A57A2327}.Release|Any CPU.ActiveCfg = Release|Any CPU
		{1B264F93-CA13-47AA-ADC9-D519A57A2327}.Release|Any CPU.Build.0 = Release|Any CPU
		{1B264F93-CA13-47AA-ADC9-D519A57A2327}.Release|ARM.ActiveCfg = Release|Any CPU
		{1B264F93-CA13-47AA-ADC9-D519A57A2327}.Release|ARM.Build.0 = Release|Any CPU
		{1B264F93-CA13-47AA-ADC9-D519A57A2327}.Release|ARM64.ActiveCfg = Release|Any CPU
		{1B264F93-CA13-47AA-ADC9-D519A57A2327}.Release|ARM64.Build.0 = Release|Any CPU
		{1B264F93-CA13-47AA-ADC9-D519A57A2327}.Release|x64.ActiveCfg = Release|Any CPU
		{1B264F93-CA13-47AA-ADC9-D519A57A2327}.Release|x64.Build.0 = Release|Any CPU
		{1B264F93-CA13-47AA-ADC9-D519A57A2327}.Release|x86.ActiveCfg = Release|Any CPU
		{1B264F93-CA13-47AA-ADC9-D519A57A2327}.Release|x86.Build.0 = Release|Any CPU
		{5A83C0B2-B70B-4CBA-AB66-CEB6F0A5A633}.Debug|Any CPU.ActiveCfg = Debug|Any CPU
		{5A83C0B2-B70B-4CBA-AB66-CEB6F0A5A633}.Debug|Any CPU.Build.0 = Debug|Any CPU
		{5A83C0B2-B70B-4CBA-AB66-CEB6F0A5A633}.Debug|ARM.ActiveCfg = Debug|Any CPU
		{5A83C0B2-B70B-4CBA-AB66-CEB6F0A5A633}.Debug|ARM.Build.0 = Debug|Any CPU
		{5A83C0B2-B70B-4CBA-AB66-CEB6F0A5A633}.Debug|ARM64.ActiveCfg = Debug|Any CPU
		{5A83C0B2-B70B-4CBA-AB66-CEB6F0A5A633}.Debug|ARM64.Build.0 = Debug|Any CPU
		{5A83C0B2-B70B-4CBA-AB66-CEB6F0A5A633}.Debug|x64.ActiveCfg = Debug|Any CPU
		{5A83C0B2-B70B-4CBA-AB66-CEB6F0A5A633}.Debug|x64.Build.0 = Debug|Any CPU
		{5A83C0B2-B70B-4CBA-AB66-CEB6F0A5A633}.Debug|x86.ActiveCfg = Debug|Any CPU
		{5A83C0B2-B70B-4CBA-AB66-CEB6F0A5A633}.Debug|x86.Build.0 = Debug|Any CPU
		{5A83C0B2-B70B-4CBA-AB66-CEB6F0A5A633}.Release|Any CPU.ActiveCfg = Release|Any CPU
		{5A83C0B2-B70B-4CBA-AB66-CEB6F0A5A633}.Release|Any CPU.Build.0 = Release|Any CPU
		{5A83C0B2-B70B-4CBA-AB66-CEB6F0A5A633}.Release|ARM.ActiveCfg = Release|Any CPU
		{5A83C0B2-B70B-4CBA-AB66-CEB6F0A5A633}.Release|ARM.Build.0 = Release|Any CPU
		{5A83C0B2-B70B-4CBA-AB66-CEB6F0A5A633}.Release|ARM64.ActiveCfg = Release|Any CPU
		{5A83C0B2-B70B-4CBA-AB66-CEB6F0A5A633}.Release|ARM64.Build.0 = Release|Any CPU
		{5A83C0B2-B70B-4CBA-AB66-CEB6F0A5A633}.Release|x64.ActiveCfg = Release|Any CPU
		{5A83C0B2-B70B-4CBA-AB66-CEB6F0A5A633}.Release|x64.Build.0 = Release|Any CPU
		{5A83C0B2-B70B-4CBA-AB66-CEB6F0A5A633}.Release|x86.ActiveCfg = Release|Any CPU
		{5A83C0B2-B70B-4CBA-AB66-CEB6F0A5A633}.Release|x86.Build.0 = Release|Any CPU
		{F1D58F54-94B4-466E-8445-E67DA501E902}.Debug|Any CPU.ActiveCfg = Debug|Any CPU
		{F1D58F54-94B4-466E-8445-E67DA501E902}.Debug|Any CPU.Build.0 = Debug|Any CPU
		{F1D58F54-94B4-466E-8445-E67DA501E902}.Debug|ARM.ActiveCfg = Debug|Any CPU
		{F1D58F54-94B4-466E-8445-E67DA501E902}.Debug|ARM.Build.0 = Debug|Any CPU
		{F1D58F54-94B4-466E-8445-E67DA501E902}.Debug|ARM64.ActiveCfg = Debug|Any CPU
		{F1D58F54-94B4-466E-8445-E67DA501E902}.Debug|ARM64.Build.0 = Debug|Any CPU
		{F1D58F54-94B4-466E-8445-E67DA501E902}.Debug|x64.ActiveCfg = Debug|Any CPU
		{F1D58F54-94B4-466E-8445-E67DA501E902}.Debug|x64.Build.0 = Debug|Any CPU
		{F1D58F54-94B4-466E-8445-E67DA501E902}.Debug|x86.ActiveCfg = Debug|Any CPU
		{F1D58F54-94B4-466E-8445-E67DA501E902}.Debug|x86.Build.0 = Debug|Any CPU
		{F1D58F54-94B4-466E-8445-E67DA501E902}.Release|Any CPU.ActiveCfg = Release|Any CPU
		{F1D58F54-94B4-466E-8445-E67DA501E902}.Release|Any CPU.Build.0 = Release|Any CPU
		{F1D58F54-94B4-466E-8445-E67DA501E902}.Release|ARM.ActiveCfg = Release|Any CPU
		{F1D58F54-94B4-466E-8445-E67DA501E902}.Release|ARM.Build.0 = Release|Any CPU
		{F1D58F54-94B4-466E-8445-E67DA501E902}.Release|ARM64.ActiveCfg = Release|Any CPU
		{F1D58F54-94B4-466E-8445-E67DA501E902}.Release|ARM64.Build.0 = Release|Any CPU
		{F1D58F54-94B4-466E-8445-E67DA501E902}.Release|x64.ActiveCfg = Release|Any CPU
		{F1D58F54-94B4-466E-8445-E67DA501E902}.Release|x64.Build.0 = Release|Any CPU
		{F1D58F54-94B4-466E-8445-E67DA501E902}.Release|x86.ActiveCfg = Release|Any CPU
		{F1D58F54-94B4-466E-8445-E67DA501E902}.Release|x86.Build.0 = Release|Any CPU
		{1D1D8E44-1608-4C78-8A18-182F2A6B183F}.Debug|Any CPU.ActiveCfg = Debug|Any CPU
		{1D1D8E44-1608-4C78-8A18-182F2A6B183F}.Debug|Any CPU.Build.0 = Debug|Any CPU
		{1D1D8E44-1608-4C78-8A18-182F2A6B183F}.Debug|ARM.ActiveCfg = Debug|Any CPU
		{1D1D8E44-1608-4C78-8A18-182F2A6B183F}.Debug|ARM.Build.0 = Debug|Any CPU
		{1D1D8E44-1608-4C78-8A18-182F2A6B183F}.Debug|ARM64.ActiveCfg = Debug|Any CPU
		{1D1D8E44-1608-4C78-8A18-182F2A6B183F}.Debug|ARM64.Build.0 = Debug|Any CPU
		{1D1D8E44-1608-4C78-8A18-182F2A6B183F}.Debug|x64.ActiveCfg = Debug|Any CPU
		{1D1D8E44-1608-4C78-8A18-182F2A6B183F}.Debug|x64.Build.0 = Debug|Any CPU
		{1D1D8E44-1608-4C78-8A18-182F2A6B183F}.Debug|x86.ActiveCfg = Debug|Any CPU
		{1D1D8E44-1608-4C78-8A18-182F2A6B183F}.Debug|x86.Build.0 = Debug|Any CPU
		{1D1D8E44-1608-4C78-8A18-182F2A6B183F}.Release|Any CPU.ActiveCfg = Release|Any CPU
		{1D1D8E44-1608-4C78-8A18-182F2A6B183F}.Release|Any CPU.Build.0 = Release|Any CPU
		{1D1D8E44-1608-4C78-8A18-182F2A6B183F}.Release|ARM.ActiveCfg = Release|Any CPU
		{1D1D8E44-1608-4C78-8A18-182F2A6B183F}.Release|ARM.Build.0 = Release|Any CPU
		{1D1D8E44-1608-4C78-8A18-182F2A6B183F}.Release|ARM64.ActiveCfg = Release|Any CPU
		{1D1D8E44-1608-4C78-8A18-182F2A6B183F}.Release|ARM64.Build.0 = Release|Any CPU
		{1D1D8E44-1608-4C78-8A18-182F2A6B183F}.Release|x64.ActiveCfg = Release|Any CPU
		{1D1D8E44-1608-4C78-8A18-182F2A6B183F}.Release|x64.Build.0 = Release|Any CPU
		{1D1D8E44-1608-4C78-8A18-182F2A6B183F}.Release|x86.ActiveCfg = Release|Any CPU
		{1D1D8E44-1608-4C78-8A18-182F2A6B183F}.Release|x86.Build.0 = Release|Any CPU
		{59117A1C-F5D3-41A1-B65A-7B9F39FFE4DC}.Debug|Any CPU.ActiveCfg = Debug|Any CPU
		{59117A1C-F5D3-41A1-B65A-7B9F39FFE4DC}.Debug|Any CPU.Build.0 = Debug|Any CPU
		{59117A1C-F5D3-41A1-B65A-7B9F39FFE4DC}.Debug|Any CPU.Deploy.0 = Debug|Any CPU
		{59117A1C-F5D3-41A1-B65A-7B9F39FFE4DC}.Debug|ARM.ActiveCfg = Debug|ARM
		{59117A1C-F5D3-41A1-B65A-7B9F39FFE4DC}.Debug|ARM.Build.0 = Debug|ARM
		{59117A1C-F5D3-41A1-B65A-7B9F39FFE4DC}.Debug|ARM.Deploy.0 = Debug|ARM
		{59117A1C-F5D3-41A1-B65A-7B9F39FFE4DC}.Debug|ARM64.ActiveCfg = Debug|ARM64
		{59117A1C-F5D3-41A1-B65A-7B9F39FFE4DC}.Debug|ARM64.Build.0 = Debug|ARM64
		{59117A1C-F5D3-41A1-B65A-7B9F39FFE4DC}.Debug|ARM64.Deploy.0 = Debug|ARM64
		{59117A1C-F5D3-41A1-B65A-7B9F39FFE4DC}.Debug|x64.ActiveCfg = Debug|x64
		{59117A1C-F5D3-41A1-B65A-7B9F39FFE4DC}.Debug|x64.Build.0 = Debug|x64
		{59117A1C-F5D3-41A1-B65A-7B9F39FFE4DC}.Debug|x64.Deploy.0 = Debug|x64
		{59117A1C-F5D3-41A1-B65A-7B9F39FFE4DC}.Debug|x86.ActiveCfg = Debug|x86
		{59117A1C-F5D3-41A1-B65A-7B9F39FFE4DC}.Debug|x86.Build.0 = Debug|x86
		{59117A1C-F5D3-41A1-B65A-7B9F39FFE4DC}.Debug|x86.Deploy.0 = Debug|x86
		{59117A1C-F5D3-41A1-B65A-7B9F39FFE4DC}.Release|Any CPU.ActiveCfg = Release|Any CPU
		{59117A1C-F5D3-41A1-B65A-7B9F39FFE4DC}.Release|Any CPU.Build.0 = Release|Any CPU
		{59117A1C-F5D3-41A1-B65A-7B9F39FFE4DC}.Release|Any CPU.Deploy.0 = Release|Any CPU
		{59117A1C-F5D3-41A1-B65A-7B9F39FFE4DC}.Release|ARM.ActiveCfg = Release|ARM
		{59117A1C-F5D3-41A1-B65A-7B9F39FFE4DC}.Release|ARM.Build.0 = Release|ARM
		{59117A1C-F5D3-41A1-B65A-7B9F39FFE4DC}.Release|ARM.Deploy.0 = Release|ARM
		{59117A1C-F5D3-41A1-B65A-7B9F39FFE4DC}.Release|ARM64.ActiveCfg = Release|ARM64
		{59117A1C-F5D3-41A1-B65A-7B9F39FFE4DC}.Release|ARM64.Build.0 = Release|ARM64
		{59117A1C-F5D3-41A1-B65A-7B9F39FFE4DC}.Release|ARM64.Deploy.0 = Release|ARM64
		{59117A1C-F5D3-41A1-B65A-7B9F39FFE4DC}.Release|x64.ActiveCfg = Release|x64
		{59117A1C-F5D3-41A1-B65A-7B9F39FFE4DC}.Release|x64.Build.0 = Release|x64
		{59117A1C-F5D3-41A1-B65A-7B9F39FFE4DC}.Release|x64.Deploy.0 = Release|x64
		{59117A1C-F5D3-41A1-B65A-7B9F39FFE4DC}.Release|x86.ActiveCfg = Release|x86
		{59117A1C-F5D3-41A1-B65A-7B9F39FFE4DC}.Release|x86.Build.0 = Release|x86
		{59117A1C-F5D3-41A1-B65A-7B9F39FFE4DC}.Release|x86.Deploy.0 = Release|x86
		{FB3A4296-DABD-41B8-B0A9-023372736800}.Debug|Any CPU.ActiveCfg = Debug|Any CPU
		{FB3A4296-DABD-41B8-B0A9-023372736800}.Debug|Any CPU.Build.0 = Debug|Any CPU
		{FB3A4296-DABD-41B8-B0A9-023372736800}.Debug|ARM.ActiveCfg = Debug|Any CPU
		{FB3A4296-DABD-41B8-B0A9-023372736800}.Debug|ARM.Build.0 = Debug|Any CPU
		{FB3A4296-DABD-41B8-B0A9-023372736800}.Debug|ARM64.ActiveCfg = Debug|Any CPU
		{FB3A4296-DABD-41B8-B0A9-023372736800}.Debug|ARM64.Build.0 = Debug|Any CPU
		{FB3A4296-DABD-41B8-B0A9-023372736800}.Debug|x64.ActiveCfg = Debug|Any CPU
		{FB3A4296-DABD-41B8-B0A9-023372736800}.Debug|x64.Build.0 = Debug|Any CPU
		{FB3A4296-DABD-41B8-B0A9-023372736800}.Debug|x86.ActiveCfg = Debug|Any CPU
		{FB3A4296-DABD-41B8-B0A9-023372736800}.Debug|x86.Build.0 = Debug|Any CPU
		{FB3A4296-DABD-41B8-B0A9-023372736800}.Release|Any CPU.ActiveCfg = Release|Any CPU
		{FB3A4296-DABD-41B8-B0A9-023372736800}.Release|Any CPU.Build.0 = Release|Any CPU
		{FB3A4296-DABD-41B8-B0A9-023372736800}.Release|ARM.ActiveCfg = Release|Any CPU
		{FB3A4296-DABD-41B8-B0A9-023372736800}.Release|ARM.Build.0 = Release|Any CPU
		{FB3A4296-DABD-41B8-B0A9-023372736800}.Release|ARM64.ActiveCfg = Release|Any CPU
		{FB3A4296-DABD-41B8-B0A9-023372736800}.Release|ARM64.Build.0 = Release|Any CPU
		{FB3A4296-DABD-41B8-B0A9-023372736800}.Release|x64.ActiveCfg = Release|Any CPU
		{FB3A4296-DABD-41B8-B0A9-023372736800}.Release|x64.Build.0 = Release|Any CPU
		{FB3A4296-DABD-41B8-B0A9-023372736800}.Release|x86.ActiveCfg = Release|Any CPU
		{FB3A4296-DABD-41B8-B0A9-023372736800}.Release|x86.Build.0 = Release|Any CPU
	EndGlobalSection
	GlobalSection(SolutionProperties) = preSolution
		HideSolutionNode = FALSE
	EndGlobalSection
	GlobalSection(NestedProjects) = preSolution
		{6EA2C0C8-7EFE-4412-BD6A-CC8F98AAD999} = {8574B8BD-3729-481A-B592-E0D6BB9CFBA3}
		{FBE8671D-0E32-4C87-967E-61574B468DF3} = {D1F2C1FF-F038-4654-BEC5-F9DC38E0E6BE}
		{651A4F37-B01C-43B9-977F-965996309E77} = {D1F2C1FF-F038-4654-BEC5-F9DC38E0E6BE}
		{DE9508F4-C937-46E3-8169-D2A6FCCB14A9} = {D1F2C1FF-F038-4654-BEC5-F9DC38E0E6BE}
		{43765D18-9A75-4F4C-89B9-260E3B704D5A} = {7AAFD470-D248-4EB3-B068-FC862BBE7779}
		{2A651ADF-C51A-484F-AD14-DAA20CC19BBF} = {D1F2C1FF-F038-4654-BEC5-F9DC38E0E6BE}
		{170F4763-EBA7-40DB-B265-02F4B02DB8EE} = {D1F2C1FF-F038-4654-BEC5-F9DC38E0E6BE}
		{9ED31117-57D0-4202-93E8-E4501A84C3DE} = {F5A560F2-75BC-46C8-A854-3E23DB470B2C}
		{EF7C973D-62FA-4140-B357-46B840308DF9} = {D1F2C1FF-F038-4654-BEC5-F9DC38E0E6BE}
		{701BD2F3-3DE6-42AE-BBE9-5BC5140CABB1} = {F5A560F2-75BC-46C8-A854-3E23DB470B2C}
		{1B264F93-CA13-47AA-ADC9-D519A57A2327} = {F5A560F2-75BC-46C8-A854-3E23DB470B2C}
		{5A83C0B2-B70B-4CBA-AB66-CEB6F0A5A633} = {D1F2C1FF-F038-4654-BEC5-F9DC38E0E6BE}
		{F1D58F54-94B4-466E-8445-E67DA501E902} = {8574B8BD-3729-481A-B592-E0D6BB9CFBA3}
		{1D1D8E44-1608-4C78-8A18-182F2A6B183F} = {8574B8BD-3729-481A-B592-E0D6BB9CFBA3}
		{FB3A4296-DABD-41B8-B0A9-023372736800} = {8574B8BD-3729-481A-B592-E0D6BB9CFBA3}
	EndGlobalSection
	GlobalSection(ExtensibilityGlobals) = postSolution
		SolutionGuid = {DA29C12F-BF7F-4E61-8A5A-59CE0A047E7A}
	EndGlobalSection
EndGlobal
